{
  "name": "@definejs/script",
  "version": "0.1.0",
  "lockfileVersion": 1,
  "requires": true,
  "dependencies": {
    "@definejs/object": {
      "version": "0.1.3",
      "resolved": "https://registry.npmjs.org/@definejs/object/-/object-0.1.3.tgz",
      "integrity": "sha512-kVNcPG50FhHghiPJqw+lqaEAbVnVa+IJb1BR0dHl63bHVdv3z5vf4Q8ZMwCfhOgQcrIHksJMTuLRo3OYHG++Tg=="
    }
  }
}
